
Microsoft Visual Studio Solution File, Format Version 12.00
# Visual Studio 15
VisualStudioVersion = 15.0.28307.168
MinimumVisualStudioVersion = 10.0.40219.1
Project("{6EC3EE1D-3C4E-46DD-8F32-0CC8E7565705}") = "HelloWorld", "hello-world\HelloWorld.fsproj", "{D60175CA-CA47-4D61-89A5-40287F2EAD0F}"
EndProject
Project("{6EC3EE1D-3C4E-46DD-8F32-0CC8E7565705}") = "Hamming", "hamming\Hamming.fsproj", "{8FAF14BC-CADD-41B9-8D58-04134D65281D}"
EndProject
Project("{6EC3EE1D-3C4E-46DD-8F32-0CC8E7565705}") = "Pangram", "pangram\Pangram.fsproj", "{53A819C4-8096-4B8F-BE58-DD8EBB116543}"
EndProject
Project("{6EC3EE1D-3C4E-46DD-8F32-0CC8E7565705}") = "RobotName", "robot-name\RobotName.fsproj", "{C2A10C16-4178-4D65-902B-9CEB046FF37B}"
EndProject
Project("{6EC3EE1D-3C4E-46DD-8F32-0CC8E7565705}") = "Isogram", "isogram\Isogram.fsproj", "{2E10D9F9-3391-4A09-B725-A2558F292054}"
EndProject
Project("{6EC3EE1D-3C4E-46DD-8F32-0CC8E7565705}") = "PhoneNumber", "phone-number\PhoneNumber.fsproj", "{B3CE56FA-65FE-4D5E-9133-0ACC6B34A34C}"
EndProject
Project("{F2A71F9B-5D33-465A-A702-920D77279786}") = "WorkSheets", "WorkSheets\WorkSheets.fsproj", "{ADAA6197-5A45-4AA7-BB77-F4ACB6CEEC09}"
EndProject
Project("{6EC3EE1D-3C4E-46DD-8F32-0CC8E7565705}") = "TwelveDays", "twelve-days\TwelveDays.fsproj", "{5CE5075A-AD26-404C-88CC-6B3A06CA2706}"
EndProject
Project("{6EC3EE1D-3C4E-46DD-8F32-0CC8E7565705}") = "Leap", "leap\Leap.fsproj", "{11704B28-0393-44BB-BDB5-191C6EFBF861}"
EndProject
Global
	GlobalSection(SolutionConfigurationPlatforms) = preSolution
		Debug|Any CPU = Debug|Any CPU
		Release|Any CPU = Release|Any CPU
	EndGlobalSection
	GlobalSection(ProjectConfigurationPlatforms) = postSolution
		{D60175CA-CA47-4D61-89A5-40287F2EAD0F}.Debug|Any CPU.ActiveCfg = Debug|Any CPU
		{D60175CA-CA47-4D61-89A5-40287F2EAD0F}.Debug|Any CPU.Build.0 = Debug|Any CPU
		{D60175CA-CA47-4D61-89A5-40287F2EAD0F}.Release|Any CPU.ActiveCfg = Release|Any CPU
		{D60175CA-CA47-4D61-89A5-40287F2EAD0F}.Release|Any CPU.Build.0 = Release|Any CPU
		{8FAF14BC-CADD-41B9-8D58-04134D65281D}.Debug|Any CPU.ActiveCfg = Debug|Any CPU
		{8FAF14BC-CADD-41B9-8D58-04134D65281D}.Debug|Any CPU.Build.0 = Debug|Any CPU
		{8FAF14BC-CADD-41B9-8D58-04134D65281D}.Release|Any CPU.ActiveCfg = Release|Any CPU
		{8FAF14BC-CADD-41B9-8D58-04134D65281D}.Release|Any CPU.Build.0 = Release|Any CPU
		{53A819C4-8096-4B8F-BE58-DD8EBB116543}.Debug|Any CPU.ActiveCfg = Debug|Any CPU
		{53A819C4-8096-4B8F-BE58-DD8EBB116543}.Debug|Any CPU.Build.0 = Debug|Any CPU
		{53A819C4-8096-4B8F-BE58-DD8EBB116543}.Release|Any CPU.ActiveCfg = Release|Any CPU
		{53A819C4-8096-4B8F-BE58-DD8EBB116543}.Release|Any CPU.Build.0 = Release|Any CPU
		{C2A10C16-4178-4D65-902B-9CEB046FF37B}.Debug|Any CPU.ActiveCfg = Debug|Any CPU
		{C2A10C16-4178-4D65-902B-9CEB046FF37B}.Debug|Any CPU.Build.0 = Debug|Any CPU
		{C2A10C16-4178-4D65-902B-9CEB046FF37B}.Release|Any CPU.ActiveCfg = Release|Any CPU
		{C2A10C16-4178-4D65-902B-9CEB046FF37B}.Release|Any CPU.Build.0 = Release|Any CPU
		{2E10D9F9-3391-4A09-B725-A2558F292054}.Debug|Any CPU.ActiveCfg = Debug|Any CPU
		{2E10D9F9-3391-4A09-B725-A2558F292054}.Debug|Any CPU.Build.0 = Debug|Any CPU
		{2E10D9F9-3391-4A09-B725-A2558F292054}.Release|Any CPU.ActiveCfg = Release|Any CPU
		{2E10D9F9-3391-4A09-B725-A2558F292054}.Release|Any CPU.Build.0 = Release|Any CPU
		{B3CE56FA-65FE-4D5E-9133-0ACC6B34A34C}.Debug|Any CPU.ActiveCfg = Debug|Any CPU
		{B3CE56FA-65FE-4D5E-9133-0ACC6B34A34C}.Debug|Any CPU.Build.0 = Debug|Any CPU
		{B3CE56FA-65FE-4D5E-9133-0ACC6B34A34C}.Release|Any CPU.ActiveCfg = Release|Any CPU
		{B3CE56FA-65FE-4D5E-9133-0ACC6B34A34C}.Release|Any CPU.Build.0 = Release|Any CPU
		{ADAA6197-5A45-4AA7-BB77-F4ACB6CEEC09}.Debug|Any CPU.ActiveCfg = Debug|Any CPU
		{ADAA6197-5A45-4AA7-BB77-F4ACB6CEEC09}.Debug|Any CPU.Build.0 = Debug|Any CPU
		{ADAA6197-5A45-4AA7-BB77-F4ACB6CEEC09}.Release|Any CPU.ActiveCfg = Release|Any CPU
		{ADAA6197-5A45-4AA7-BB77-F4ACB6CEEC09}.Release|Any CPU.Build.0 = Release|Any CPU
		{5CE5075A-AD26-404C-88CC-6B3A06CA2706}.Debug|Any CPU.ActiveCfg = Debug|Any CPU
		{5CE5075A-AD26-404C-88CC-6B3A06CA2706}.Debug|Any CPU.Build.0 = Debug|Any CPU
		{5CE5075A-AD26-404C-88CC-6B3A06CA2706}.Release|Any CPU.ActiveCfg = Release|Any CPU
		{5CE5075A-AD26-404C-88CC-6B3A06CA2706}.Release|Any CPU.Build.0 = Release|Any CPU
		{11704B28-0393-44BB-BDB5-191C6EFBF861}.Debug|Any CPU.ActiveCfg = Debug|Any CPU
		{11704B28-0393-44BB-BDB5-191C6EFBF861}.Debug|Any CPU.Build.0 = Debug|Any CPU
		{11704B28-0393-44BB-BDB5-191C6EFBF861}.Release|Any CPU.ActiveCfg = Release|Any CPU
		{11704B28-0393-44BB-BDB5-191C6EFBF861}.Release|Any CPU.Build.0 = Release|Any CPU
	EndGlobalSection
	GlobalSection(SolutionProperties) = preSolution
		HideSolutionNode = FALSE
	EndGlobalSection
	GlobalSection(ExtensibilityGlobals) = postSolution
		SolutionGuid = {9C1B108D-F52A-4C61-91D6-D99985A00E0A}
	EndGlobalSection
EndGlobal
